
Microsoft Visual Studio Solution File, Format Version 12.00
# Visual Studio 15
VisualStudioVersion = 15.0.26228.4
MinimumVisualStudioVersion = 10.0.40219.1
Project("{FAE04EC0-301F-11D3-BF4B-00C04F79EFBC}") = "ProjectManager.Android", "ProjectManager\ProjectManager.Android\ProjectManager.Android.csproj", "{E5A049FE-EEFF-49D3-9130-0BF96467502B}"
EndProject
Project("{FAE04EC0-301F-11D3-BF4B-00C04F79EFBC}") = "ProjectManager", "ProjectManager\ProjectManager\ProjectManager.csproj", "{664FABD2-B5C6-41F3-9571-3CDB7D96D456}"
EndProject
Project("{FAE04EC0-301F-11D3-BF4B-00C04F79EFBC}") = "ProjectManager.UWP", "ProjectManager\ProjectManager.UWP\ProjectManager.UWP.csproj", "{9AA585B0-1ADC-4354-9E36-99BC2BB94091}"
EndProject
Global
	GlobalSection(SolutionConfigurationPlatforms) = preSolution
		Ad-Hoc|Any CPU = Ad-Hoc|Any CPU
		Ad-Hoc|ARM = Ad-Hoc|ARM
		Ad-Hoc|iPhone = Ad-Hoc|iPhone
		Ad-Hoc|iPhoneSimulator = Ad-Hoc|iPhoneSimulator
		Ad-Hoc|x64 = Ad-Hoc|x64
		Ad-Hoc|x86 = Ad-Hoc|x86
		AppStore|Any CPU = AppStore|Any CPU
		AppStore|ARM = AppStore|ARM
		AppStore|iPhone = AppStore|iPhone
		AppStore|iPhoneSimulator = AppStore|iPhoneSimulator
		AppStore|x64 = AppStore|x64
		AppStore|x86 = AppStore|x86
		Debug|Any CPU = Debug|Any CPU
		Debug|ARM = Debug|ARM
		Debug|iPhone = Debug|iPhone
		Debug|iPhoneSimulator = Debug|iPhoneSimulator
		Debug|x64 = Debug|x64
		Debug|x86 = Debug|x86
		Release|Any CPU = Release|Any CPU
		Release|ARM = Release|ARM
		Release|iPhone = Release|iPhone
		Release|iPhoneSimulator = Release|iPhoneSimulator
		Release|x64 = Release|x64
		Release|x86 = Release|x86
	EndGlobalSection
	GlobalSection(ProjectConfigurationPlatforms) = postSolution
		{E5A049FE-EEFF-49D3-9130-0BF96467502B}.Ad-Hoc|Any CPU.ActiveCfg = Release|Any CPU
		{E5A049FE-EEFF-49D3-9130-0BF96467502B}.Ad-Hoc|Any CPU.Build.0 = Release|Any CPU
		{E5A049FE-EEFF-49D3-9130-0BF96467502B}.Ad-Hoc|Any CPU.Deploy.0 = Release|Any CPU
		{E5A049FE-EEFF-49D3-9130-0BF96467502B}.Ad-Hoc|ARM.ActiveCfg = Release|Any CPU
		{E5A049FE-EEFF-49D3-9130-0BF96467502B}.Ad-Hoc|ARM.Build.0 = Release|Any CPU
		{E5A049FE-EEFF-49D3-9130-0BF96467502B}.Ad-Hoc|ARM.Deploy.0 = Release|Any CPU
		{E5A049FE-EEFF-49D3-9130-0BF96467502B}.Ad-Hoc|iPhone.ActiveCfg = Release|Any CPU
		{E5A049FE-EEFF-49D3-9130-0BF96467502B}.Ad-Hoc|iPhone.Build.0 = Release|Any CPU
		{E5A049FE-EEFF-49D3-9130-0BF96467502B}.Ad-Hoc|iPhone.Deploy.0 = Release|Any CPU
		{E5A049FE-EEFF-49D3-9130-0BF96467502B}.Ad-Hoc|iPhoneSimulator.ActiveCfg = Release|Any CPU
		{E5A049FE-EEFF-49D3-9130-0BF96467502B}.Ad-Hoc|iPhoneSimulator.Build.0 = Release|Any CPU
		{E5A049FE-EEFF-49D3-9130-0BF96467502B}.Ad-Hoc|iPhoneSimulator.Deploy.0 = Release|Any CPU
		{E5A049FE-EEFF-49D3-9130-0BF96467502B}.Ad-Hoc|x64.ActiveCfg = Release|Any CPU
		{E5A049FE-EEFF-49D3-9130-0BF96467502B}.Ad-Hoc|x64.Build.0 = Release|Any CPU
		{E5A049FE-EEFF-49D3-9130-0BF96467502B}.Ad-Hoc|x64.Deploy.0 = Release|Any CPU
		{E5A049FE-EEFF-49D3-9130-0BF96467502B}.Ad-Hoc|x86.ActiveCfg = Release|Any CPU
		{E5A049FE-EEFF-49D3-9130-0BF96467502B}.Ad-Hoc|x86.Build.0 = Release|Any CPU
		{E5A049FE-EEFF-49D3-9130-0BF96467502B}.Ad-Hoc|x86.Deploy.0 = Release|Any CPU
		{E5A049FE-EEFF-49D3-9130-0BF96467502B}.AppStore|Any CPU.ActiveCfg = Release|Any CPU
		{E5A049FE-EEFF-49D3-9130-0BF96467502B}.AppStore|Any CPU.Build.0 = Release|Any CPU
		{E5A049FE-EEFF-49D3-9130-0BF96467502B}.AppStore|Any CPU.Deploy.0 = Release|Any CPU
		{E5A049FE-EEFF-49D3-9130-0BF96467502B}.AppStore|ARM.ActiveCfg = Release|Any CPU
		{E5A049FE-EEFF-49D3-9130-0BF96467502B}.AppStore|ARM.Build.0 = Release|Any CPU
		{E5A049FE-EEFF-49D3-9130-0BF96467502B}.AppStore|ARM.Deploy.0 = Release|Any CPU
		{E5A049FE-EEFF-49D3-9130-0BF96467502B}.AppStore|iPhone.ActiveCfg = Release|Any CPU
		{E5A049FE-EEFF-49D3-9130-0BF96467502B}.AppStore|iPhone.Build.0 = Release|Any CPU
		{E5A049FE-EEFF-49D3-9130-0BF96467502B}.AppStore|iPhone.Deploy.0 = Release|Any CPU
		{E5A049FE-EEFF-49D3-9130-0BF96467502B}.AppStore|iPhoneSimulator.ActiveCfg = Release|Any CPU
		{E5A049FE-EEFF-49D3-9130-0BF96467502B}.AppStore|iPhoneSimulator.Build.0 = Release|Any CPU
		{E5A049FE-EEFF-49D3-9130-0BF96467502B}.AppStore|iPhoneSimulator.Deploy.0 = Release|Any CPU
		{E5A049FE-EEFF-49D3-9130-0BF96467502B}.AppStore|x64.ActiveCfg = Release|Any CPU
		{E5A049FE-EEFF-49D3-9130-0BF96467502B}.AppStore|x64.Build.0 = Release|Any CPU
		{E5A049FE-EEFF-49D3-9130-0BF96467502B}.AppStore|x64.Deploy.0 = Release|Any CPU
		{E5A049FE-EEFF-49D3-9130-0BF96467502B}.AppStore|x86.ActiveCfg = Release|Any CPU
		{E5A049FE-EEFF-49D3-9130-0BF96467502B}.AppStore|x86.Build.0 = Release|Any CPU
		{E5A049FE-EEFF-49D3-9130-0BF96467502B}.AppStore|x86.Deploy.0 = Release|Any CPU
		{E5A049FE-EEFF-49D3-9130-0BF96467502B}.Debug|Any CPU.ActiveCfg = Debug|Any CPU
		{E5A049FE-EEFF-49D3-9130-0BF96467502B}.Debug|Any CPU.Build.0 = Debug|Any CPU
		{E5A049FE-EEFF-49D3-9130-0BF96467502B}.Debug|Any CPU.Deploy.0 = Debug|Any CPU
		{E5A049FE-EEFF-49D3-9130-0BF96467502B}.Debug|ARM.ActiveCfg = Debug|Any CPU
		{E5A049FE-EEFF-49D3-9130-0BF96467502B}.Debug|ARM.Build.0 = Debug|Any CPU
		{E5A049FE-EEFF-49D3-9130-0BF96467502B}.Debug|ARM.Deploy.0 = Debug|Any CPU
		{E5A049FE-EEFF-49D3-9130-0BF96467502B}.Debug|iPhone.ActiveCfg = Debug|Any CPU
		{E5A049FE-EEFF-49D3-9130-0BF96467502B}.Debug|iPhone.Build.0 = Debug|Any CPU
		{E5A049FE-EEFF-49D3-9130-0BF96467502B}.Debug|iPhone.Deploy.0 = Debug|Any CPU
		{E5A049FE-EEFF-49D3-9130-0BF96467502B}.Debug|iPhoneSimulator.ActiveCfg = Debug|Any CPU
		{E5A049FE-EEFF-49D3-9130-0BF96467502B}.Debug|iPhoneSimulator.Build.0 = Debug|Any CPU
		{E5A049FE-EEFF-49D3-9130-0BF96467502B}.Debug|iPhoneSimulator.Deploy.0 = Debug|Any CPU
		{E5A049FE-EEFF-49D3-9130-0BF96467502B}.Debug|x64.ActiveCfg = Debug|Any CPU
		{E5A049FE-EEFF-49D3-9130-0BF96467502B}.Debug|x64.Build.0 = Debug|Any CPU
		{E5A049FE-EEFF-49D3-9130-0BF96467502B}.Debug|x64.Deploy.0 = Debug|Any CPU
		{E5A049FE-EEFF-49D3-9130-0BF96467502B}.Debug|x86.ActiveCfg = Debug|Any CPU
		{E5A049FE-EEFF-49D3-9130-0BF96467502B}.Debug|x86.Build.0 = Debug|Any CPU
		{E5A049FE-EEFF-49D3-9130-0BF96467502B}.Debug|x86.Deploy.0 = Debug|Any CPU
		{E5A049FE-EEFF-49D3-9130-0BF96467502B}.Release|Any CPU.ActiveCfg = Release|Any CPU
		{E5A049FE-EEFF-49D3-9130-0BF96467502B}.Release|Any CPU.Build.0 = Release|Any CPU
		{E5A049FE-EEFF-49D3-9130-0BF96467502B}.Release|Any CPU.Deploy.0 = Release|Any CPU
		{E5A049FE-EEFF-49D3-9130-0BF96467502B}.Release|ARM.ActiveCfg = Release|Any CPU
		{E5A049FE-EEFF-49D3-9130-0BF96467502B}.Release|ARM.Build.0 = Release|Any CPU
		{E5A049FE-EEFF-49D3-9130-0BF96467502B}.Release|ARM.Deploy.0 = Release|Any CPU
		{E5A049FE-EEFF-49D3-9130-0BF96467502B}.Release|iPhone.ActiveCfg = Release|Any CPU
		{E5A049FE-EEFF-49D3-9130-0BF96467502B}.Release|iPhone.Build.0 = Release|Any CPU
		{E5A049FE-EEFF-49D3-9130-0BF96467502B}.Release|iPhone.Deploy.0 = Release|Any CPU
		{E5A049FE-EEFF-49D3-9130-0BF96467502B}.Release|iPhoneSimulator.ActiveCfg = Release|Any CPU
		{E5A049FE-EEFF-49D3-9130-0BF96467502B}.Release|iPhoneSimulator.Build.0 = Release|Any CPU
		{E5A049FE-EEFF-49D3-9130-0BF96467502B}.Release|iPhoneSimulator.Deploy.0 = Release|Any CPU
		{E5A049FE-EEFF-49D3-9130-0BF96467502B}.Release|x64.ActiveCfg = Release|Any CPU
		{E5A049FE-EEFF-49D3-9130-0BF96467502B}.Release|x64.Build.0 = Release|Any CPU
		{E5A049FE-EEFF-49D3-9130-0BF96467502B}.Release|x64.Deploy.0 = Release|Any CPU
		{E5A049FE-EEFF-49D3-9130-0BF96467502B}.Release|x86.ActiveCfg = Release|Any CPU
		{E5A049FE-EEFF-49D3-9130-0BF96467502B}.Release|x86.Build.0 = Release|Any CPU
		{E5A049FE-EEFF-49D3-9130-0BF96467502B}.Release|x86.Deploy.0 = Release|Any CPU
		{664FABD2-B5C6-41F3-9571-3CDB7D96D456}.Ad-Hoc|Any CPU.ActiveCfg = Release|Any CPU
		{664FABD2-B5C6-41F3-9571-3CDB7D96D456}.Ad-Hoc|Any CPU.Build.0 = Release|Any CPU
		{664FABD2-B5C6-41F3-9571-3CDB7D96D456}.Ad-Hoc|ARM.ActiveCfg = Release|Any CPU
		{664FABD2-B5C6-41F3-9571-3CDB7D96D456}.Ad-Hoc|ARM.Build.0 = Release|Any CPU
		{664FABD2-B5C6-41F3-9571-3CDB7D96D456}.Ad-Hoc|iPhone.ActiveCfg = Release|Any CPU
		{664FABD2-B5C6-41F3-9571-3CDB7D96D456}.Ad-Hoc|iPhone.Build.0 = Release|Any CPU
		{664FABD2-B5C6-41F3-9571-3CDB7D96D456}.Ad-Hoc|iPhoneSimulator.ActiveCfg = Release|Any CPU
		{664FABD2-B5C6-41F3-9571-3CDB7D96D456}.Ad-Hoc|iPhoneSimulator.Build.0 = Release|Any CPU
		{664FABD2-B5C6-41F3-9571-3CDB7D96D456}.Ad-Hoc|x64.ActiveCfg = Release|Any CPU
		{664FABD2-B5C6-41F3-9571-3CDB7D96D456}.Ad-Hoc|x64.Build.0 = Release|Any CPU
		{664FABD2-B5C6-41F3-9571-3CDB7D96D456}.Ad-Hoc|x86.ActiveCfg = Release|Any CPU
		{664FABD2-B5C6-41F3-9571-3CDB7D96D456}.Ad-Hoc|x86.Build.0 = Release|Any CPU
		{664FABD2-B5C6-41F3-9571-3CDB7D96D456}.AppStore|Any CPU.ActiveCfg = Release|Any CPU
		{664FABD2-B5C6-41F3-9571-3CDB7D96D456}.AppStore|Any CPU.Build.0 = Release|Any CPU
		{664FABD2-B5C6-41F3-9571-3CDB7D96D456}.AppStore|ARM.ActiveCfg = Release|Any CPU
		{664FABD2-B5C6-41F3-9571-3CDB7D96D456}.AppStore|ARM.Build.0 = Release|Any CPU
		{664FABD2-B5C6-41F3-9571-3CDB7D96D456}.AppStore|iPhone.ActiveCfg = Release|Any CPU
		{664FABD2-B5C6-41F3-9571-3CDB7D96D456}.AppStore|iPhone.Build.0 = Release|Any CPU
		{664FABD2-B5C6-41F3-9571-3CDB7D96D456}.AppStore|iPhoneSimulator.ActiveCfg = Release|Any CPU
		{664FABD2-B5C6-41F3-9571-3CDB7D96D456}.AppStore|iPhoneSimulator.Build.0 = Release|Any CPU
		{664FABD2-B5C6-41F3-9571-3CDB7D96D456}.AppStore|x64.ActiveCfg = Release|Any CPU
		{664FABD2-B5C6-41F3-9571-3CDB7D96D456}.AppStore|x64.Build.0 = Release|Any CPU
		{664FABD2-B5C6-41F3-9571-3CDB7D96D456}.AppStore|x86.ActiveCfg = Release|Any CPU
		{664FABD2-B5C6-41F3-9571-3CDB7D96D456}.AppStore|x86.Build.0 = Release|Any CPU
		{664FABD2-B5C6-41F3-9571-3CDB7D96D456}.Debug|Any CPU.ActiveCfg = Debug|Any CPU
		{664FABD2-B5C6-41F3-9571-3CDB7D96D456}.Debug|Any CPU.Build.0 = Debug|Any CPU
		{664FABD2-B5C6-41F3-9571-3CDB7D96D456}.Debug|ARM.ActiveCfg = Debug|Any CPU
		{664FABD2-B5C6-41F3-9571-3CDB7D96D456}.Debug|ARM.Build.0 = Debug|Any CPU
		{664FABD2-B5C6-41F3-9571-3CDB7D96D456}.Debug|iPhone.ActiveCfg = Debug|Any CPU
		{664FABD2-B5C6-41F3-9571-3CDB7D96D456}.Debug|iPhone.Build.0 = Debug|Any CPU
		{664FABD2-B5C6-41F3-9571-3CDB7D96D456}.Debug|iPhoneSimulator.ActiveCfg = Debug|Any CPU
		{664FABD2-B5C6-41F3-9571-3CDB7D96D456}.Debug|iPhoneSimulator.Build.0 = Debug|Any CPU
		{664FABD2-B5C6-41F3-9571-3CDB7D96D456}.Debug|x64.ActiveCfg = Debug|Any CPU
		{664FABD2-B5C6-41F3-9571-3CDB7D96D456}.Debug|x64.Build.0 = Debug|Any CPU
		{664FABD2-B5C6-41F3-9571-3CDB7D96D456}.Debug|x86.ActiveCfg = Debug|Any CPU
		{664FABD2-B5C6-41F3-9571-3CDB7D96D456}.Debug|x86.Build.0 = Debug|Any CPU
		{664FABD2-B5C6-41F3-9571-3CDB7D96D456}.Release|Any CPU.ActiveCfg = Release|Any CPU
		{664FABD2-B5C6-41F3-9571-3CDB7D96D456}.Release|Any CPU.Build.0 = Release|Any CPU
		{664FABD2-B5C6-41F3-9571-3CDB7D96D456}.Release|ARM.ActiveCfg = Release|Any CPU
		{664FABD2-B5C6-41F3-9571-3CDB7D96D456}.Release|ARM.Build.0 = Release|Any CPU
		{664FABD2-B5C6-41F3-9571-3CDB7D96D456}.Release|iPhone.ActiveCfg = Release|Any CPU
		{664FABD2-B5C6-41F3-9571-3CDB7D96D456}.Release|iPhone.Build.0 = Release|Any CPU
		{664FABD2-B5C6-41F3-9571-3CDB7D96D456}.Release|iPhoneSimulator.ActiveCfg = Release|Any CPU
		{664FABD2-B5C6-41F3-9571-3CDB7D96D456}.Release|iPhoneSimulator.Build.0 = Release|Any CPU
		{664FABD2-B5C6-41F3-9571-3CDB7D96D456}.Release|x64.ActiveCfg = Release|Any CPU
		{664FABD2-B5C6-41F3-9571-3CDB7D96D456}.Release|x64.Build.0 = Release|Any CPU
		{664FABD2-B5C6-41F3-9571-3CDB7D96D456}.Release|x86.ActiveCfg = Release|Any CPU
		{664FABD2-B5C6-41F3-9571-3CDB7D96D456}.Release|x86.Build.0 = Release|Any CPU
		{9AA585B0-1ADC-4354-9E36-99BC2BB94091}.Ad-Hoc|Any CPU.ActiveCfg = Release|x86
		{9AA585B0-1ADC-4354-9E36-99BC2BB94091}.Ad-Hoc|Any CPU.Build.0 = Release|x86
		{9AA585B0-1ADC-4354-9E36-99BC2BB94091}.Ad-Hoc|Any CPU.Deploy.0 = Release|x86
		{9AA585B0-1ADC-4354-9E36-99BC2BB94091}.Ad-Hoc|ARM.ActiveCfg = Release|ARM
		{9AA585B0-1ADC-4354-9E36-99BC2BB94091}.Ad-Hoc|ARM.Build.0 = Release|ARM
		{9AA585B0-1ADC-4354-9E36-99BC2BB94091}.Ad-Hoc|ARM.Deploy.0 = Release|ARM
		{9AA585B0-1ADC-4354-9E36-99BC2BB94091}.Ad-Hoc|iPhone.ActiveCfg = Release|x86
		{9AA585B0-1ADC-4354-9E36-99BC2BB94091}.Ad-Hoc|iPhone.Build.0 = Release|x86
		{9AA585B0-1ADC-4354-9E36-99BC2BB94091}.Ad-Hoc|iPhone.Deploy.0 = Release|x86
		{9AA585B0-1ADC-4354-9E36-99BC2BB94091}.Ad-Hoc|iPhoneSimulator.ActiveCfg = Release|x86
		{9AA585B0-1ADC-4354-9E36-99BC2BB94091}.Ad-Hoc|iPhoneSimulator.Build.0 = Release|x86
		{9AA585B0-1ADC-4354-9E36-99BC2BB94091}.Ad-Hoc|iPhoneSimulator.Deploy.0 = Release|x86
		{9AA585B0-1ADC-4354-9E36-99BC2BB94091}.Ad-Hoc|x64.ActiveCfg = Release|x64
		{9AA585B0-1ADC-4354-9E36-99BC2BB94091}.Ad-Hoc|x64.Build.0 = Release|x64
		{9AA585B0-1ADC-4354-9E36-99BC2BB94091}.Ad-Hoc|x64.Deploy.0 = Release|x64
		{9AA585B0-1ADC-4354-9E36-99BC2BB94091}.Ad-Hoc|x86.ActiveCfg = Release|x86
		{9AA585B0-1ADC-4354-9E36-99BC2BB94091}.Ad-Hoc|x86.Build.0 = Release|x86
		{9AA585B0-1ADC-4354-9E36-99BC2BB94091}.Ad-Hoc|x86.Deploy.0 = Release|x86
		{9AA585B0-1ADC-4354-9E36-99BC2BB94091}.AppStore|Any CPU.ActiveCfg = Release|x86
		{9AA585B0-1ADC-4354-9E36-99BC2BB94091}.AppStore|Any CPU.Build.0 = Release|x86
		{9AA585B0-1ADC-4354-9E36-99BC2BB94091}.AppStore|Any CPU.Deploy.0 = Release|x86
		{9AA585B0-1ADC-4354-9E36-99BC2BB94091}.AppStore|ARM.ActiveCfg = Release|ARM
		{9AA585B0-1ADC-4354-9E36-99BC2BB94091}.AppStore|ARM.Build.0 = Release|ARM
		{9AA585B0-1ADC-4354-9E36-99BC2BB94091}.AppStore|ARM.Deploy.0 = Release|ARM
		{9AA585B0-1ADC-4354-9E36-99BC2BB94091}.AppStore|iPhone.ActiveCfg = Release|x86
		{9AA585B0-1ADC-4354-9E36-99BC2BB94091}.AppStore|iPhone.Build.0 = Release|x86
		{9AA585B0-1ADC-4354-9E36-99BC2BB94091}.AppStore|iPhone.Deploy.0 = Release|x86
		{9AA585B0-1ADC-4354-9E36-99BC2BB94091}.AppStore|iPhoneSimulator.ActiveCfg = Release|x86
		{9AA585B0-1ADC-4354-9E36-99BC2BB94091}.AppStore|iPhoneSimulator.Build.0 = Release|x86
		{9AA585B0-1ADC-4354-9E36-99BC2BB94091}.AppStore|iPhoneSimulator.Deploy.0 = Release|x86
		{9AA585B0-1ADC-4354-9E36-99BC2BB94091}.AppStore|x64.ActiveCfg = Release|x64
		{9AA585B0-1ADC-4354-9E36-99BC2BB94091}.AppStore|x64.Build.0 = Release|x64
		{9AA585B0-1ADC-4354-9E36-99BC2BB94091}.AppStore|x64.Deploy.0 = Release|x64
		{9AA585B0-1ADC-4354-9E36-99BC2BB94091}.AppStore|x86.ActiveCfg = Release|x86
		{9AA585B0-1ADC-4354-9E36-99BC2BB94091}.AppStore|x86.Build.0 = Release|x86
		{9AA585B0-1ADC-4354-9E36-99BC2BB94091}.AppStore|x86.Deploy.0 = Release|x86
		{9AA585B0-1ADC-4354-9E36-99BC2BB94091}.Debug|Any CPU.ActiveCfg = Debug|x86
		{9AA585B0-1ADC-4354-9E36-99BC2BB94091}.Debug|Any CPU.Build.0 = Debug|x86
		{9AA585B0-1ADC-4354-9E36-99BC2BB94091}.Debug|Any CPU.Deploy.0 = Debug|x86
		{9AA585B0-1ADC-4354-9E36-99BC2BB94091}.Debug|ARM.ActiveCfg = Debug|ARM
		{9AA585B0-1ADC-4354-9E36-99BC2BB94091}.Debug|ARM.Build.0 = Debug|ARM
		{9AA585B0-1ADC-4354-9E36-99BC2BB94091}.Debug|ARM.Deploy.0 = Debug|ARM
		{9AA585B0-1ADC-4354-9E36-99BC2BB94091}.Debug|iPhone.ActiveCfg = Debug|x86
		{9AA585B0-1ADC-4354-9E36-99BC2BB94091}.Debug|iPhoneSimulator.ActiveCfg = Debug|x86
		{9AA585B0-1ADC-4354-9E36-99BC2BB94091}.Debug|x64.ActiveCfg = Debug|x64
		{9AA585B0-1ADC-4354-9E36-99BC2BB94091}.Debug|x64.Build.0 = Debug|x64
		{9AA585B0-1ADC-4354-9E36-99BC2BB94091}.Debug|x64.Deploy.0 = Debug|x64
		{9AA585B0-1ADC-4354-9E36-99BC2BB94091}.Debug|x86.ActiveCfg = Debug|x86
		{9AA585B0-1ADC-4354-9E36-99BC2BB94091}.Debug|x86.Build.0 = Debug|x86
		{9AA585B0-1ADC-4354-9E36-99BC2BB94091}.Debug|x86.Deploy.0 = Debug|x86
		{9AA585B0-1ADC-4354-9E36-99BC2BB94091}.Release|Any CPU.ActiveCfg = Release|x86
		{9AA585B0-1ADC-4354-9E36-99BC2BB94091}.Release|ARM.ActiveCfg = Release|ARM
		{9AA585B0-1ADC-4354-9E36-99BC2BB94091}.Release|ARM.Build.0 = Release|ARM
		{9AA585B0-1ADC-4354-9E36-99BC2BB94091}.Release|ARM.Deploy.0 = Release|ARM
		{9AA585B0-1ADC-4354-9E36-99BC2BB94091}.Release|iPhone.ActiveCfg = Release|x86
		{9AA585B0-1ADC-4354-9E36-99BC2BB94091}.Release|iPhoneSimulator.ActiveCfg = Release|x86
		{9AA585B0-1ADC-4354-9E36-99BC2BB94091}.Release|x64.ActiveCfg = Release|x64
		{9AA585B0-1ADC-4354-9E36-99BC2BB94091}.Release|x64.Build.0 = Release|x64
		{9AA585B0-1ADC-4354-9E36-99BC2BB94091}.Release|x64.Deploy.0 = Release|x64
		{9AA585B0-1ADC-4354-9E36-99BC2BB94091}.Release|x86.ActiveCfg = Release|x86
		{9AA585B0-1ADC-4354-9E36-99BC2BB94091}.Release|x86.Build.0 = Release|x86
		{9AA585B0-1ADC-4354-9E36-99BC2BB94091}.Release|x86.Deploy.0 = Release|x86
	EndGlobalSection
	GlobalSection(SolutionProperties) = preSolution
		HideSolutionNode = FALSE
	EndGlobalSection
EndGlobal
